{
  "version": 4,
  "terraform_version": "0.15.5",
  "serial": 10,
  "lineage": "d8005d9a-d18c-fc89-8e84-f0214084fded",
  "outputs": {},
  "resources": [
    {
      "mode": "managed",
      "type": "local_file",
      "name": "exemplo",
      "provider": "provider[\"registry.terraform.io/hashicorp/local\"]",
      "instances": [
        {
          "schema_version": 0,
          "attributes": {
            "content": "Testando variáveis de ambiente",
            "content_base64": null,
            "content_base64sha256": "Pg8gmku9B13DQsEIQkA91KrBIldwXySUjWawu+b8Yio=",
            "content_base64sha512": "ji1kST6IrezBRnLie3ztuFgSkqYIq3UC1aolBDrf3kCJwCtJV4pQAvZA3Z0eB2RkGBPfyg/TMg04dqwijgZz3Q==",
            "content_md5": "94300b083d7f7cb20b12a477b2facaed",
            "content_sha1": "17e207c3b3521493c226fb7aa8675145dd8be432",
            "content_sha256": "3e0f209a4bbd075dc342c10842403dd4aac12257705f24948d66b0bbe6fc622a",
            "content_sha512": "8e2d64493e88adecc14672e27b7cedb8581292a608ab7502d5aa25043adfde4089c02b49578a5002f640dd9d1e0764641813dfca0fd3320d3876ac228e0673dd",
            "directory_permission": "0777",
            "file_permission": "0777",
            "filename": "exemplo.txt",
            "id": "17e207c3b3521493c226fb7aa8675145dd8be432",
            "sensitive_content": null,
            "source": null
          },
          "sensitive_attributes": []
        }
      ]
    }
  ]
}
