{
  "version": 4,
  "terraform_version": "0.15.5",
  "serial": 7,
  "lineage": "d8005d9a-d18c-fc89-8e84-f0214084fded",
  "outputs": {},
  "resources": [
    {
      "mode": "managed",
      "type": "local_file",
      "name": "exemplo",
      "provider": "provider[\"registry.terraform.io/hashicorp/local\"]",
      "instances": [
        {
          "schema_version": 0,
          "attributes": {
            "content": "Variável",
            "content_base64": null,
            "content_base64sha256": "jRVZyLPP8DuS5ie1R/fqwYqReJ60yE8LP3pGBoF6MtY=",
            "content_base64sha512": "2N9hnW/+gLP/qKxpkVZAh6+DVt6PUUabVH9SWKiGIAmhm+nmuxTUga7kOGbpc5Bx+AGVIF4DzSqTBXvJx/4Wew==",
            "content_md5": "a986fec3e67bc7a12edeb20409dd01ed",
            "content_sha1": "ce1dcd5a00eded32495fb4f786667a2b923680e5",
            "content_sha256": "8d1559c8b3cff03b92e627b547f7eac18a91789eb4c84f0b3f7a4606817a32d6",
            "content_sha512": "d8df619d6ffe80b3ffa8ac6991564087af8356de8f51469b547f5258a8862009a19be9e6bb14d481aee43866e9739071f80195205e03cd2a93057bc9c7fe167b",
            "directory_permission": "0777",
            "file_permission": "0777",
            "filename": "exemplo.txt",
            "id": "ce1dcd5a00eded32495fb4f786667a2b923680e5",
            "sensitive_content": null,
            "source": null
          },
          "sensitive_attributes": []
        }
      ]
    }
  ]
}
